
Microsoft Visual Studio Solution File, Format Version 12.00
# Visual Studio Version 17
VisualStudioVersion = 17.9.34622.214
MinimumVisualStudioVersion = 10.0.40219.1
Project("{8BC9CEB8-8B4A-11D0-8D11-00A0C91BC942}") = "http_proxy", "http_proxy.vcxproj", "{00677701-51C4-4572-A3DB-CC4FEA68BD01}"
EndProject
Global
	GlobalSection(SolutionConfigurationPlatforms) = preSolution
		Debug|x64 = Debug|x64
		Debug|x86 = Debug|x86
		Release|x64 = Release|x64
		Release|x86 = Release|x86
	EndGlobalSection
	GlobalSection(ProjectConfigurationPlatforms) = postSolution
		{00677701-51C4-4572-A3DB-CC4FEA68BD01}.Debug|x64.ActiveCfg = Debug|x64
		{00677701-51C4-4572-A3DB-CC4FEA68BD01}.Debug|x64.Build.0 = Debug|x64
		{00677701-51C4-4572-A3DB-CC4FEA68BD01}.Debug|x86.ActiveCfg = Debug|Win32
		{00677701-51C4-4572-A3DB-CC4FEA68BD01}.Debug|x86.Build.0 = Debug|Win32
		{00677701-51C4-4572-A3DB-CC4FEA68BD01}.Release|x64.ActiveCfg = Release|x64
		{00677701-51C4-4572-A3DB-CC4FEA68BD01}.Release|x64.Build.0 = Release|x64
		{00677701-51C4-4572-A3DB-CC4FEA68BD01}.Release|x86.ActiveCfg = Release|Win32
		{00677701-51C4-4572-A3DB-CC4FEA68BD01}.Release|x86.Build.0 = Release|Win32
	EndGlobalSection
	GlobalSection(SolutionProperties) = preSolution
		HideSolutionNode = FALSE
	EndGlobalSection
	GlobalSection(ExtensibilityGlobals) = postSolution
		SolutionGuid = {6D2D4575-3235-4FC4-A2F7-3D36C203DB0B}
	EndGlobalSection
EndGlobal
